
Microsoft Visual Studio Solution File, Format Version 12.00
# Visual Studio Version 16
VisualStudioVersion = 16.0.30002.166
MinimumVisualStudioVersion = 10.0.40219.1
Project("{9A19103F-16F7-4668-BE54-9A1E7A4F7556}") = "emri-service", "emri-service\emri-service.csproj", "{249BCDF9-7547-490C-9C0B-008C11EC8EB7}"
EndProject
Project("{9A19103F-16F7-4668-BE54-9A1E7A4F7556}") = "emri-service.tests", "emri-service.tests\emri-service.tests.csproj", "{5299266D-E566-4CC8-B345-6BD74B5D9A6A}"
EndProject
Project("{FAE04EC0-301F-11D3-BF4B-00C04F79EFBC}") = "emri-models", "emri-models\emri-models.csproj", "{901D3F1D-0A0A-4332-A1D5-9206098CF748}"
EndProject
Project("{FAE04EC0-301F-11D3-BF4B-00C04F79EFBC}") = "emri-repository", "emri-repository\emri-repository.csproj", "{2C2DA94A-948E-4286-8AFD-8EA687984D26}"
EndProject
Project("{FAE04EC0-301F-11D3-BF4B-00C04F79EFBC}") = "emri-repository-tests", "emri-repository-tests\emri-repository-tests.csproj", "{E9EB2831-8B25-47DA-AB37-9F5861B90741}"
EndProject
Global
	GlobalSection(SolutionConfigurationPlatforms) = preSolution
		Debug|Any CPU = Debug|Any CPU
		Release|Any CPU = Release|Any CPU
	EndGlobalSection
	GlobalSection(ProjectConfigurationPlatforms) = postSolution
		{249BCDF9-7547-490C-9C0B-008C11EC8EB7}.Debug|Any CPU.ActiveCfg = Debug|Any CPU
		{249BCDF9-7547-490C-9C0B-008C11EC8EB7}.Debug|Any CPU.Build.0 = Debug|Any CPU
		{249BCDF9-7547-490C-9C0B-008C11EC8EB7}.Release|Any CPU.ActiveCfg = Release|Any CPU
		{249BCDF9-7547-490C-9C0B-008C11EC8EB7}.Release|Any CPU.Build.0 = Release|Any CPU
		{5299266D-E566-4CC8-B345-6BD74B5D9A6A}.Debug|Any CPU.ActiveCfg = Debug|Any CPU
		{5299266D-E566-4CC8-B345-6BD74B5D9A6A}.Debug|Any CPU.Build.0 = Debug|Any CPU
		{5299266D-E566-4CC8-B345-6BD74B5D9A6A}.Release|Any CPU.ActiveCfg = Release|Any CPU
		{5299266D-E566-4CC8-B345-6BD74B5D9A6A}.Release|Any CPU.Build.0 = Release|Any CPU
		{901D3F1D-0A0A-4332-A1D5-9206098CF748}.Debug|Any CPU.ActiveCfg = Debug|Any CPU
		{901D3F1D-0A0A-4332-A1D5-9206098CF748}.Debug|Any CPU.Build.0 = Debug|Any CPU
		{901D3F1D-0A0A-4332-A1D5-9206098CF748}.Release|Any CPU.ActiveCfg = Release|Any CPU
		{901D3F1D-0A0A-4332-A1D5-9206098CF748}.Release|Any CPU.Build.0 = Release|Any CPU
		{2C2DA94A-948E-4286-8AFD-8EA687984D26}.Debug|Any CPU.ActiveCfg = Debug|Any CPU
		{2C2DA94A-948E-4286-8AFD-8EA687984D26}.Debug|Any CPU.Build.0 = Debug|Any CPU
		{2C2DA94A-948E-4286-8AFD-8EA687984D26}.Release|Any CPU.ActiveCfg = Release|Any CPU
		{2C2DA94A-948E-4286-8AFD-8EA687984D26}.Release|Any CPU.Build.0 = Release|Any CPU
		{E9EB2831-8B25-47DA-AB37-9F5861B90741}.Debug|Any CPU.ActiveCfg = Debug|Any CPU
		{E9EB2831-8B25-47DA-AB37-9F5861B90741}.Debug|Any CPU.Build.0 = Debug|Any CPU
		{E9EB2831-8B25-47DA-AB37-9F5861B90741}.Release|Any CPU.ActiveCfg = Release|Any CPU
		{E9EB2831-8B25-47DA-AB37-9F5861B90741}.Release|Any CPU.Build.0 = Release|Any CPU
	EndGlobalSection
	GlobalSection(SolutionProperties) = preSolution
		HideSolutionNode = FALSE
	EndGlobalSection
	GlobalSection(ExtensibilityGlobals) = postSolution
		SolutionGuid = {CA5A9768-9800-45CE-864F-86BD756E061A}
	EndGlobalSection
EndGlobal
